{
  "version": 4,
  "terraform_version": "1.5.7",
  "serial": 150,
  "lineage": "b060bfa5-ee52-a05b-8851-b32f2f10b269",
  "outputs": {},
  "resources": [
    {
      "module": "module.github_repository",
      "mode": "managed",
      "type": "github_repository",
      "name": "this",
      "provider": "module.github_repository.provider[\"registry.terraform.io/integrations/github\"]",
      "instances": [
        {
          "schema_version": 1,
          "attributes": {
            "allow_auto_merge": false,
            "allow_merge_commit": true,
            "allow_rebase_merge": true,
            "allow_squash_merge": true,
            "allow_update_branch": false,
            "archive_on_destroy": null,
            "archived": false,
            "auto_init": true,
            "default_branch": "main",
            "delete_branch_on_merge": false,
            "description": "",
            "etag": "W/\"163c72d71cfa011eff5be5d63c283b9e3bdde2070731f0af9e14024bd7e945e6\"",
            "full_name": "dmazepa/git-flux",
            "git_clone_url": "git://github.com/dmazepa/git-flux.git",
            "gitignore_template": null,
            "has_discussions": false,
            "has_downloads": false,
            "has_issues": false,
            "has_projects": false,
            "has_wiki": false,
            "homepage_url": "",
            "html_url": "https://github.com/dmazepa/git-flux",
            "http_clone_url": "https://github.com/dmazepa/git-flux.git",
            "id": "git-flux",
            "ignore_vulnerability_alerts_during_read": null,
            "is_template": false,
            "license_template": null,
            "merge_commit_message": "PR_TITLE",
            "merge_commit_title": "MERGE_MESSAGE",
            "name": "git-flux",
            "node_id": "R_kgDOL6o3Lw",
            "pages": [],
            "primary_language": "",
            "private": true,
            "repo_id": 799684399,
            "security_and_analysis": [],
            "squash_merge_commit_message": "COMMIT_MESSAGES",
            "squash_merge_commit_title": "COMMIT_OR_PR_TITLE",
            "ssh_clone_url": "git@github.com:dmazepa/git-flux.git",
            "svn_url": "https://github.com/dmazepa/git-flux",
            "template": [],
            "topics": [],
            "visibility": "private",
            "vulnerability_alerts": false,
            "web_commit_signoff_required": false
          },
          "sensitive_attributes": [],
          "private": "eyJzY2hlbWFfdmVyc2lvbiI6IjEifQ=="
        }
      ]
    },
    {
      "module": "module.github_repository",
      "mode": "managed",
      "type": "github_repository_deploy_key",
      "name": "this",
      "provider": "module.github_repository.provider[\"registry.terraform.io/integrations/github\"]",
      "instances": [
        {
          "schema_version": 0,
          "attributes": {
            "etag": "W/\"884629ae11efdf48ff750ba32f8f003c403823c80bc0ac07ed9cd796485e78fb\"",
            "id": "git-flux:99659340",
            "key": "ssh-rsa AAAAB3NzaC1yc2EAAAADAQABAAABAQClP3dinnnf+Gv2/sIfka/UpUWPxHs+Y/Nem9GykDx92ez5ePYb5XP+Xita/fRPmM0lGExfZMUQscMz5BfxPcVul0KEIthu+zsY6O7G+IHqSTiLiZ+OvXFu65BGxCMo3BoN4tcH7rQIjWltJgmjdwECqN5W6RGb1QJ3jLk6hqbiuqURuKjSCaArjvYMiJsdB87PmFtZlSOTAmEx/2n6mLAC6WNHb8ztCE63t49ZPOwH3Lpsll6bpbseqi6sSzk7rYHGV5xlO3dCn29ZJBDqJNqwa1Mfv2nhf4MdIScjEM3tWasxSVW30PfbX4cpb1X9uZehGKerUhD/Es0MVVzw99Rp",
            "read_only": false,
            "repository": "git-flux",
            "title": "flux0"
          },
          "sensitive_attributes": [
            [
              {
                "type": "get_attr",
                "value": "key"
              }
            ]
          ],
          "private": "bnVsbA==",
          "dependencies": [
            "module.github_repository.github_repository.this",
            "module.tls_private_key.tls_private_key.this"
          ]
        }
      ]
    },
    {
      "module": "module.gke_cluster",
      "mode": "managed",
      "type": "google_container_cluster",
      "name": "this",
      "provider": "module.gke_cluster.provider[\"registry.terraform.io/hashicorp/google\"]",
      "instances": [
        {
          "schema_version": 1,
          "attributes": {
            "addons_config": [
              {
                "cloudrun_config": [],
                "config_connector_config": [],
                "dns_cache_config": [],
                "gce_persistent_disk_csi_driver_config": [
                  {
                    "enabled": true
                  }
                ],
                "gcp_filestore_csi_driver_config": [],
                "gke_backup_agent_config": [],
                "horizontal_pod_autoscaling": [],
                "http_load_balancing": [],
                "network_policy_config": [
                  {
                    "disabled": true
                  }
                ]
              }
            ],
            "authenticator_groups_config": [],
            "binary_authorization": [
              {
                "enabled": false,
                "evaluation_mode": ""
              }
            ],
            "cluster_autoscaling": [
              {
                "auto_provisioning_defaults": [],
                "enabled": false,
                "resource_limits": []
              }
            ],
            "cluster_ipv4_cidr": "10.0.0.0/14",
            "confidential_nodes": [],
            "cost_management_config": [],
            "database_encryption": [
              {
                "key_name": "",
                "state": "DECRYPTED"
              }
            ],
            "datapath_provider": "",
            "default_max_pods_per_node": null,
            "default_snat_status": [
              {
                "disabled": false
              }
            ],
            "description": "",
            "dns_config": [],
            "enable_autopilot": false,
            "enable_binary_authorization": false,
            "enable_intranode_visibility": false,
            "enable_kubernetes_alpha": false,
            "enable_l4_ilb_subsetting": false,
            "enable_legacy_abac": false,
            "enable_shielded_nodes": true,
            "enable_tpu": false,
            "endpoint": "35.226.161.6",
            "gateway_api_config": [],
            "id": "projects/prometheus-419514/locations/us-central1-c/clusters/main",
            "initial_node_count": 1,
            "ip_allocation_policy": [],
            "label_fingerprint": "a9dc16a7",
            "location": "us-central1-c",
            "logging_config": [
              {
                "enable_components": [
                  "SYSTEM_COMPONENTS",
                  "WORKLOADS"
                ]
              }
            ],
            "logging_service": "logging.googleapis.com/kubernetes",
            "maintenance_policy": [],
            "master_auth": [
              {
                "client_certificate": "",
                "client_certificate_config": [
                  {
                    "issue_client_certificate": false
                  }
                ],
                "client_key": "",
                "cluster_ca_certificate": "LS0tLS1CRUdJTiBDRVJUSUZJQ0FURS0tLS0tCk1JSUVMVENDQXBXZ0F3SUJBZ0lSQUxVYjVZcVd4Yi9NcFBrRjVkMzJxZUF3RFFZSktvWklodmNOQVFFTEJRQXcKTHpFdE1Dc0dBMVVFQXhNa05XSmxNR014WmpjdFpERXlOUzAwTW1GaExXRTFPRFF0Wmpka05UWTFNRFJsWkdJNApNQ0FYRFRJME1EVXhNakl3TWpNMU5Wb1lEekl3TlRRd05UQTFNakV5TXpVMVdqQXZNUzB3S3dZRFZRUURFeVExClltVXdZekZtTnkxa01USTFMVFF5WVdFdFlUVTROQzFtTjJRMU5qVXdOR1ZrWWpnd2dnR2lNQTBHQ1NxR1NJYjMKRFFFQkFRVUFBNElCandBd2dnR0tBb0lCZ1FEblBLRGFVRWNTQjRjbnlvNFY2Y0IrcHRKRVV5aUNVK29XbE40TwpvTURuUElQN0ZHUEIrOGhZcnk3R0NKZzJmdVRibndTSjFjMENyMG9qMFoxenZPbXhPeVhaMjl1N2tJdWc3NDVqCmlqZ1JCbUczUm9JYWZQNm9vYmlHcm9pN1RyYURWYXhac21DbjlCSERSU2c0OHNQNXVQeFhBUGp5ZDhPNllrdTcKZkFqekhZYnNXNWE1c3l4SzhyREZDT3lGM2J2QWpsN2VYRURpcDhJUnJpREZRUjNUb0dkSERweFgza3JyUEE3cAppR0FQeXVtL21YeENLa2czOG5paHVONXY1TXNxc3lPbzBtWWtyWXNSTWgxYllxSDdXdG5ua1g4SDkrYXAxaEhICjAyQjRNQ1BxdkVPR3hsanlxTm05b3FMVTQ4YVFCSm1mc01idktlVjFKMTZOL211cloyeUpQdFN6VkZUMGdLcnEKbVRBS0JXdjV5OGxxelZxWFNlOTRUaFpsMmZuZGFVQ0R4NWhnZnRzenNaWUVvQysrRGtWSEJCMi9FcjJUYzJmMAozSTZTdllxWDhwbFdBZWNVTDdKcmNVQUFKbTRIYUk2aysyeXdsdU90TXJmWFZJZ3E0QnFmVUo2K1dkVExxWkxLCnRhY2R0L0lPM0RuY0NBY2w2TC9ITXRIWEl0VUNBd0VBQWFOQ01FQXdEZ1lEVlIwUEFRSC9CQVFEQWdJRU1BOEcKQTFVZEV3RUIvd1FGTUFNQkFmOHdIUVlEVlIwT0JCWUVGTU5WSE5NUUw5VVlxSkpBcytYMTBJRXNrdytJTUEwRwpDU3FHU0liM0RRRUJDd1VBQTRJQmdRQ3BmeW1NYnE4V3RyNFhkQUZQY2VEMVYvV2tjQUFOVzJKeDd3OHY1K3dkCjBxelgvNnVYUDNudGpIRElGWHhHQkNIR3p5TWd4NEJaZlpZbk5JWS9Pb2hPREpFVzhjZjRGSXRJQzJ3MXhuWEoKSlZwc3FFQXRrZ2NBNlcwUklHNVNiMkQyREpPeVYrSDdmZ3h0b3VhRW1HYUk1MzhaWnNKSWRJSWhnY0xtVGJqcQpDS2RnUWkzSVZjMzRNOHRVY0JYdjhiQXJWVldUcUQ4WVJFamF2SDhUR3VKM2svR2VRTE8vMGM3ZnQ3SnBManZjCnRsNnpUbWZxcnQwN0t2bWVwYmkyOTFER21vT1V6ckE2RDFCTjBrMXh3dmpkWERRSzNXT1BnV3p2N0Naak1tNEgKSDNpV3Q1QnFPU0hVaGFyMVFDNzYvU2ZsL3drdjY2Z0Juc0xHU3VFcmw2ZXdVRjVnUlJGelFpKzg0Qit4czdCcApWWnFxaEMzV04wVE0yVDZHOTRKVElaaHNVV21GZmhxSHZRNmxnSm15L3RRbW5hMDl6alRFcWJxRW5sMXo1dFRrCmlHNWE2c0Q4Q0JmTEN2M2NqOVhPcXM3cnoyZWc2VUNaTitMN3VwekluRVJBRGFlSlhUTGZ5dHA5WDM4UjljTUIKME10M1RHNWFLTmFISXhFazFpWEIzWE09Ci0tLS0tRU5EIENFUlRJRklDQVRFLS0tLS0K"
              }
            ],
            "master_authorized_networks_config": [],
            "master_version": "1.28.7-gke.1026000",
            "mesh_certificates": [],
            "min_master_version": null,
            "monitoring_config": [
              {
                "enable_components": [
                  "SYSTEM_COMPONENTS"
                ],
                "managed_prometheus": [
                  {
                    "enabled": true
                  }
                ]
              }
            ],
            "monitoring_service": "monitoring.googleapis.com/kubernetes",
            "name": "main",
            "network": "projects/prometheus-419514/global/networks/default",
            "network_policy": [
              {
                "enabled": false,
                "provider": "PROVIDER_UNSPECIFIED"
              }
            ],
            "networking_mode": "ROUTES",
            "node_config": [
              {
                "boot_disk_kms_key": "",
                "disk_size_gb": 100,
                "disk_type": "pd-balanced",
                "gcfs_config": [],
                "guest_accelerator": [],
                "gvnic": [],
                "image_type": "COS_CONTAINERD",
                "kubelet_config": [],
                "labels": {},
                "linux_node_config": [],
                "local_ssd_count": 0,
                "logging_variant": "DEFAULT",
                "machine_type": "g1-small",
                "metadata": {
                  "disable-legacy-endpoints": "true"
                },
                "min_cpu_platform": "",
                "node_group": "",
                "oauth_scopes": [
                  "https://www.googleapis.com/auth/devstorage.read_only",
                  "https://www.googleapis.com/auth/logging.write",
                  "https://www.googleapis.com/auth/monitoring",
                  "https://www.googleapis.com/auth/service.management.readonly",
                  "https://www.googleapis.com/auth/servicecontrol",
                  "https://www.googleapis.com/auth/trace.append"
                ],
                "preemptible": false,
                "reservation_affinity": [],
                "resource_labels": {},
                "service_account": "default",
                "shielded_instance_config": [
                  {
                    "enable_integrity_monitoring": true,
                    "enable_secure_boot": false
                  }
                ],
                "spot": false,
                "tags": [],
                "taint": [],
                "workload_metadata_config": []
              }
            ],
            "node_locations": [],
            "node_pool": [
              {
                "autoscaling": [],
                "initial_node_count": 1,
                "instance_group_urls": [
                  "https://www.googleapis.com/compute/v1/projects/prometheus-419514/zones/us-central1-c/instanceGroupManagers/gke-main-main-8e398053-grp"
                ],
                "managed_instance_group_urls": [
                  "https://www.googleapis.com/compute/v1/projects/prometheus-419514/zones/us-central1-c/instanceGroups/gke-main-main-8e398053-grp"
                ],
                "management": [
                  {
                    "auto_repair": true,
                    "auto_upgrade": true
                  }
                ],
                "max_pods_per_node": 0,
                "name": "main",
                "name_prefix": "",
                "network_config": [
                  {
                    "create_pod_range": false,
                    "enable_private_nodes": false,
                    "pod_ipv4_cidr_block": "",
                    "pod_range": ""
                  }
                ],
                "node_config": [
                  {
                    "boot_disk_kms_key": "",
                    "disk_size_gb": 100,
                    "disk_type": "pd-balanced",
                    "gcfs_config": [],
                    "guest_accelerator": [],
                    "gvnic": [],
                    "image_type": "COS_CONTAINERD",
                    "kubelet_config": [],
                    "labels": {},
                    "linux_node_config": [],
                    "local_ssd_count": 0,
                    "logging_variant": "DEFAULT",
                    "machine_type": "g1-small",
                    "metadata": {
                      "disable-legacy-endpoints": "true"
                    },
                    "min_cpu_platform": "",
                    "node_group": "",
                    "oauth_scopes": [
                      "https://www.googleapis.com/auth/devstorage.read_only",
                      "https://www.googleapis.com/auth/logging.write",
                      "https://www.googleapis.com/auth/monitoring",
                      "https://www.googleapis.com/auth/service.management.readonly",
                      "https://www.googleapis.com/auth/servicecontrol",
                      "https://www.googleapis.com/auth/trace.append"
                    ],
                    "preemptible": false,
                    "reservation_affinity": [],
                    "resource_labels": {},
                    "service_account": "default",
                    "shielded_instance_config": [
                      {
                        "enable_integrity_monitoring": true,
                        "enable_secure_boot": false
                      }
                    ],
                    "spot": false,
                    "tags": [],
                    "taint": [],
                    "workload_metadata_config": []
                  }
                ],
                "node_count": 1,
                "node_locations": [
                  "us-central1-c"
                ],
                "placement_policy": [],
                "upgrade_settings": [
                  {
                    "blue_green_settings": [],
                    "max_surge": 1,
                    "max_unavailable": 0,
                    "strategy": "SURGE"
                  }
                ],
                "version": "1.28.7-gke.1026000"
              }
            ],
            "node_pool_defaults": [
              {
                "node_config_defaults": [
                  {
                    "logging_variant": "DEFAULT"
                  }
                ]
              }
            ],
            "node_version": "1.28.7-gke.1026000",
            "notification_config": [
              {
                "pubsub": [
                  {
                    "enabled": false,
                    "filter": [],
                    "topic": ""
                  }
                ]
              }
            ],
            "operation": null,
            "private_cluster_config": [
              {
                "enable_private_endpoint": false,
                "enable_private_nodes": false,
                "master_global_access_config": [
                  {
                    "enabled": false
                  }
                ],
                "master_ipv4_cidr_block": "",
                "peering_name": "",
                "private_endpoint": "10.128.0.48",
                "private_endpoint_subnetwork": "",
                "public_endpoint": "35.226.161.6"
              }
            ],
            "private_ipv6_google_access": "",
            "project": "prometheus-419514",
            "release_channel": [
              {
                "channel": "REGULAR"
              }
            ],
            "remove_default_node_pool": true,
            "resource_labels": {},
            "resource_usage_export_config": [],
            "self_link": "https://container.googleapis.com/v1/projects/prometheus-419514/zones/us-central1-c/clusters/main",
            "service_external_ips_config": [
              {
                "enabled": false
              }
            ],
            "services_ipv4_cidr": "10.3.240.0/20",
            "subnetwork": "projects/prometheus-419514/regions/us-central1/subnetworks/default",
            "timeouts": null,
            "tpu_ipv4_cidr_block": "",
            "vertical_pod_autoscaling": [],
            "workload_identity_config": []
          },
          "sensitive_attributes": [],
          "private": "eyJlMmJmYjczMC1lY2FhLTExZTYtOGY4OC0zNDM2M2JjN2M0YzAiOnsiY3JlYXRlIjoyNDAwMDAwMDAwMDAwLCJkZWxldGUiOjI0MDAwMDAwMDAwMDAsInJlYWQiOjI0MDAwMDAwMDAwMDAsInVwZGF0ZSI6MzYwMDAwMDAwMDAwMH0sInNjaGVtYV92ZXJzaW9uIjoiMSJ9"
        }
      ]
    },
    {
      "module": "module.gke_cluster",
      "mode": "managed",
      "type": "google_container_node_pool",
      "name": "this",
      "provider": "module.gke_cluster.provider[\"registry.terraform.io/hashicorp/google\"]",
      "instances": [
        {
          "schema_version": 1,
          "attributes": {
            "autoscaling": [],
            "cluster": "main",
            "id": "projects/prometheus-419514/locations/us-central1-c/clusters/main/nodePools/main",
            "initial_node_count": 1,
            "instance_group_urls": [
              "https://www.googleapis.com/compute/v1/projects/prometheus-419514/zones/us-central1-c/instanceGroupManagers/gke-main-main-8e398053-grp"
            ],
            "location": "us-central1-c",
            "managed_instance_group_urls": [
              "https://www.googleapis.com/compute/v1/projects/prometheus-419514/zones/us-central1-c/instanceGroups/gke-main-main-8e398053-grp"
            ],
            "management": [
              {
                "auto_repair": true,
                "auto_upgrade": true
              }
            ],
            "max_pods_per_node": null,
            "name": "main",
            "name_prefix": "",
            "network_config": [
              {
                "create_pod_range": false,
                "enable_private_nodes": false,
                "pod_ipv4_cidr_block": "",
                "pod_range": ""
              }
            ],
            "node_config": [
              {
                "boot_disk_kms_key": "",
                "disk_size_gb": 100,
                "disk_type": "pd-balanced",
                "gcfs_config": [],
                "guest_accelerator": [],
                "gvnic": [],
                "image_type": "COS_CONTAINERD",
                "kubelet_config": [],
                "labels": {},
                "linux_node_config": [],
                "local_ssd_count": 0,
                "logging_variant": "DEFAULT",
                "machine_type": "g1-small",
                "metadata": {
                  "disable-legacy-endpoints": "true"
                },
                "min_cpu_platform": "",
                "node_group": "",
                "oauth_scopes": [
                  "https://www.googleapis.com/auth/devstorage.read_only",
                  "https://www.googleapis.com/auth/logging.write",
                  "https://www.googleapis.com/auth/monitoring",
                  "https://www.googleapis.com/auth/service.management.readonly",
                  "https://www.googleapis.com/auth/servicecontrol",
                  "https://www.googleapis.com/auth/trace.append"
                ],
                "preemptible": false,
                "reservation_affinity": [],
                "resource_labels": {},
                "service_account": "default",
                "shielded_instance_config": [
                  {
                    "enable_integrity_monitoring": true,
                    "enable_secure_boot": false
                  }
                ],
                "spot": false,
                "tags": [],
                "taint": [],
                "workload_metadata_config": []
              }
            ],
            "node_count": 1,
            "node_locations": [
              "us-central1-c"
            ],
            "operation": null,
            "placement_policy": [],
            "project": "prometheus-419514",
            "timeouts": null,
            "upgrade_settings": [
              {
                "blue_green_settings": [],
                "max_surge": 1,
                "max_unavailable": 0,
                "strategy": "SURGE"
              }
            ],
            "version": "1.28.7-gke.1026000"
          },
          "sensitive_attributes": [],
          "private": "eyJlMmJmYjczMC1lY2FhLTExZTYtOGY4OC0zNDM2M2JjN2M0YzAiOnsiY3JlYXRlIjoxODAwMDAwMDAwMDAwLCJkZWxldGUiOjE4MDAwMDAwMDAwMDAsInVwZGF0ZSI6MTgwMDAwMDAwMDAwMH0sInNjaGVtYV92ZXJzaW9uIjoiMSJ9",
          "dependencies": [
            "module.gke_cluster.google_container_cluster.this"
          ]
        }
      ]
    },
    {
      "module": "module.gke_cluster",
      "mode": "managed",
      "type": "local_file",
      "name": "kubeconfig",
      "provider": "provider[\"registry.terraform.io/hashicorp/local\"]",
      "instances": [
        {
          "schema_version": 0,
          "attributes": {
            "content": "apiVersion: v1\nclusters:\n- cluster:\n    certificate-authority-data: LS0tLS1CRUdJTiBDRVJUSUZJQ0FURS0tLS0tCk1JSUVMVENDQXBXZ0F3SUJBZ0lSQUxVYjVZcVd4Yi9NcFBrRjVkMzJxZUF3RFFZSktvWklodmNOQVFFTEJRQXcKTHpFdE1Dc0dBMVVFQXhNa05XSmxNR014WmpjdFpERXlOUzAwTW1GaExXRTFPRFF0Wmpka05UWTFNRFJsWkdJNApNQ0FYRFRJME1EVXhNakl3TWpNMU5Wb1lEekl3TlRRd05UQTFNakV5TXpVMVdqQXZNUzB3S3dZRFZRUURFeVExClltVXdZekZtTnkxa01USTFMVFF5WVdFdFlUVTROQzFtTjJRMU5qVXdOR1ZrWWpnd2dnR2lNQTBHQ1NxR1NJYjMKRFFFQkFRVUFBNElCandBd2dnR0tBb0lCZ1FEblBLRGFVRWNTQjRjbnlvNFY2Y0IrcHRKRVV5aUNVK29XbE40TwpvTURuUElQN0ZHUEIrOGhZcnk3R0NKZzJmdVRibndTSjFjMENyMG9qMFoxenZPbXhPeVhaMjl1N2tJdWc3NDVqCmlqZ1JCbUczUm9JYWZQNm9vYmlHcm9pN1RyYURWYXhac21DbjlCSERSU2c0OHNQNXVQeFhBUGp5ZDhPNllrdTcKZkFqekhZYnNXNWE1c3l4SzhyREZDT3lGM2J2QWpsN2VYRURpcDhJUnJpREZRUjNUb0dkSERweFgza3JyUEE3cAppR0FQeXVtL21YeENLa2czOG5paHVONXY1TXNxc3lPbzBtWWtyWXNSTWgxYllxSDdXdG5ua1g4SDkrYXAxaEhICjAyQjRNQ1BxdkVPR3hsanlxTm05b3FMVTQ4YVFCSm1mc01idktlVjFKMTZOL211cloyeUpQdFN6VkZUMGdLcnEKbVRBS0JXdjV5OGxxelZxWFNlOTRUaFpsMmZuZGFVQ0R4NWhnZnRzenNaWUVvQysrRGtWSEJCMi9FcjJUYzJmMAozSTZTdllxWDhwbFdBZWNVTDdKcmNVQUFKbTRIYUk2aysyeXdsdU90TXJmWFZJZ3E0QnFmVUo2K1dkVExxWkxLCnRhY2R0L0lPM0RuY0NBY2w2TC9ITXRIWEl0VUNBd0VBQWFOQ01FQXdEZ1lEVlIwUEFRSC9CQVFEQWdJRU1BOEcKQTFVZEV3RUIvd1FGTUFNQkFmOHdIUVlEVlIwT0JCWUVGTU5WSE5NUUw5VVlxSkpBcytYMTBJRXNrdytJTUEwRwpDU3FHU0liM0RRRUJDd1VBQTRJQmdRQ3BmeW1NYnE4V3RyNFhkQUZQY2VEMVYvV2tjQUFOVzJKeDd3OHY1K3dkCjBxelgvNnVYUDNudGpIRElGWHhHQkNIR3p5TWd4NEJaZlpZbk5JWS9Pb2hPREpFVzhjZjRGSXRJQzJ3MXhuWEoKSlZwc3FFQXRrZ2NBNlcwUklHNVNiMkQyREpPeVYrSDdmZ3h0b3VhRW1HYUk1MzhaWnNKSWRJSWhnY0xtVGJqcQpDS2RnUWkzSVZjMzRNOHRVY0JYdjhiQXJWVldUcUQ4WVJFamF2SDhUR3VKM2svR2VRTE8vMGM3ZnQ3SnBManZjCnRsNnpUbWZxcnQwN0t2bWVwYmkyOTFER21vT1V6ckE2RDFCTjBrMXh3dmpkWERRSzNXT1BnV3p2N0Naak1tNEgKSDNpV3Q1QnFPU0hVaGFyMVFDNzYvU2ZsL3drdjY2Z0Juc0xHU3VFcmw2ZXdVRjVnUlJGelFpKzg0Qit4czdCcApWWnFxaEMzV04wVE0yVDZHOTRKVElaaHNVV21GZmhxSHZRNmxnSm15L3RRbW5hMDl6alRFcWJxRW5sMXo1dFRrCmlHNWE2c0Q4Q0JmTEN2M2NqOVhPcXM3cnoyZWc2VUNaTitMN3VwekluRVJBRGFlSlhUTGZ5dHA5WDM4UjljTUIKME10M1RHNWFLTmFISXhFazFpWEIzWE09Ci0tLS0tRU5EIENFUlRJRklDQVRFLS0tLS0K\n    server: https://35.226.161.6\n  name: main\ncontexts:\n- context:\n    cluster: main\n    user: main\n  name: main\ncurrent-context: main\nkind: Config\npreferences: {}\nusers:\n- name: main\n  user:\n    token: ya29.a0AXooCgsjlwM2AyM0loQ15u8gfhuvqsHsv6D0ic7w6kQkPd5AHWb1VdjPFs8i8F9nReS-NhqkyioRE9dSdPUSoMlIYGnoh7GNnFEOHCheyERfyhSODIrsJUQBHdPqXhKLBSOC5gIOCz54Ju_EXRzvNWFrzfwHIoyVTVeuYUvnJ0qWwPOgo0TmavSkuJwhm6TIXf7-fpFOKOghU_AXUhrmKXwsecsfQb_PYLxZPePxzOQ1Vtl4yx3llHSNy6a9ktBnxft4EysnEdrvxq-cc6tj8US2JYY3bcQxBg6ch1xs7q6lmCrTBaaXzbECJVSfBkAfiO7eYEwo7z-etGHveNjIa_i1BHmIfdoIl9pu7O-5j8cAr2_S2_uhre-ZhkH521VEP9kwd4tjgiglDrbDIU0nmezk0Qr4CZyvaCgYKAaYSARESFQHGX2MiN_H6vF-OPwBTPnyfdbKftg0423\n",
            "content_base64": null,
            "content_base64sha256": "KZiwX2ubLpymiMYJ9e4H2TV3Wwk4i5V5hvilFZzWYCI=",
            "content_base64sha512": "HBgdJfQk2sbIYIUXHFVhfIljrX+3BZX2w+QQ7eFC4cD6bMfbKhKmGGgqbdjDdra3MzPz+MpbHLxaCRIpLbMC/g==",
            "content_md5": "ba0943df3d0227b170082be2d6dfd628",
            "content_sha1": "6ad416ff7dca73c4408df4fe8a812a157b573cc6",
            "content_sha256": "2998b05f6b9b2e9ca688c609f5ee07d935775b09388b957986f8a5159cd66022",
            "content_sha512": "1c181d25f424dac6c86085171c55617c8963ad7fb70595f6c3e410ede142e1c0fa6cc7db2a12a618682a6dd8c376b6b73333f3f8ca5b1cbc5a0912292db302fe",
            "directory_permission": "0777",
            "file_permission": "0400",
            "filename": ".terraform/modules/gke_cluster/kubeconfig",
            "id": "6ad416ff7dca73c4408df4fe8a812a157b573cc6",
            "sensitive_content": null,
            "source": null
          },
          "sensitive_attributes": [
            [
              {
                "type": "get_attr",
                "value": "content"
              }
            ]
          ],
          "dependencies": [
            "module.gke_cluster.google_container_cluster.this",
            "module.gke_cluster.module.gke_auth.data.google_client_config.provider",
            "module.gke_cluster.module.gke_auth.data.google_container_cluster.gke_cluster"
          ]
        }
      ]
    },
    {
      "module": "module.gke_cluster.module.gke_auth",
      "mode": "data",
      "type": "google_client_config",
      "name": "provider",
      "provider": "module.gke_cluster.provider[\"registry.terraform.io/hashicorp/google\"]",
      "instances": [
        {
          "schema_version": 0,
          "attributes": {
            "access_token": "ya29.a0AXooCgsjlwM2AyM0loQ15u8gfhuvqsHsv6D0ic7w6kQkPd5AHWb1VdjPFs8i8F9nReS-NhqkyioRE9dSdPUSoMlIYGnoh7GNnFEOHCheyERfyhSODIrsJUQBHdPqXhKLBSOC5gIOCz54Ju_EXRzvNWFrzfwHIoyVTVeuYUvnJ0qWwPOgo0TmavSkuJwhm6TIXf7-fpFOKOghU_AXUhrmKXwsecsfQb_PYLxZPePxzOQ1Vtl4yx3llHSNy6a9ktBnxft4EysnEdrvxq-cc6tj8US2JYY3bcQxBg6ch1xs7q6lmCrTBaaXzbECJVSfBkAfiO7eYEwo7z-etGHveNjIa_i1BHmIfdoIl9pu7O-5j8cAr2_S2_uhre-ZhkH521VEP9kwd4tjgiglDrbDIU0nmezk0Qr4CZyvaCgYKAaYSARESFQHGX2MiN_H6vF-OPwBTPnyfdbKftg0423",
            "id": "projects/prometheus-419514/regions/us-central1-c/zones/",
            "project": "prometheus-419514",
            "region": "us-central1-c",
            "zone": ""
          },
          "sensitive_attributes": []
        }
      ]
    },
    {
      "module": "module.gke_cluster.module.gke_auth",
      "mode": "data",
      "type": "google_container_cluster",
      "name": "gke_cluster",
      "provider": "module.gke_cluster.provider[\"registry.terraform.io/hashicorp/google\"]",
      "instances": [
        {
          "schema_version": 0,
          "attributes": {
            "addons_config": [
              {
                "cloudrun_config": [],
                "config_connector_config": [],
                "dns_cache_config": [],
                "gce_persistent_disk_csi_driver_config": [
                  {
                    "enabled": true
                  }
                ],
                "gcp_filestore_csi_driver_config": [],
                "gke_backup_agent_config": [],
                "horizontal_pod_autoscaling": [],
                "http_load_balancing": [],
                "network_policy_config": [
                  {
                    "disabled": true
                  }
                ]
              }
            ],
            "authenticator_groups_config": [],
            "binary_authorization": [
              {
                "enabled": false,
                "evaluation_mode": ""
              }
            ],
            "cluster_autoscaling": [
              {
                "auto_provisioning_defaults": [],
                "enabled": false,
                "resource_limits": []
              }
            ],
            "cluster_ipv4_cidr": "10.0.0.0/14",
            "confidential_nodes": [],
            "cost_management_config": [],
            "database_encryption": [
              {
                "key_name": "",
                "state": "DECRYPTED"
              }
            ],
            "datapath_provider": "",
            "default_max_pods_per_node": null,
            "default_snat_status": [
              {
                "disabled": false
              }
            ],
            "description": "",
            "dns_config": [],
            "enable_autopilot": false,
            "enable_binary_authorization": false,
            "enable_intranode_visibility": false,
            "enable_kubernetes_alpha": false,
            "enable_l4_ilb_subsetting": false,
            "enable_legacy_abac": false,
            "enable_shielded_nodes": true,
            "enable_tpu": false,
            "endpoint": "35.226.161.6",
            "gateway_api_config": [],
            "id": "projects/prometheus-419514/locations/us-central1-c/clusters/main",
            "initial_node_count": 1,
            "ip_allocation_policy": [],
            "label_fingerprint": "a9dc16a7",
            "location": "us-central1-c",
            "logging_config": [
              {
                "enable_components": [
                  "SYSTEM_COMPONENTS",
                  "WORKLOADS"
                ]
              }
            ],
            "logging_service": "logging.googleapis.com/kubernetes",
            "maintenance_policy": [],
            "master_auth": [
              {
                "client_certificate": "",
                "client_certificate_config": [
                  {
                    "issue_client_certificate": false
                  }
                ],
                "client_key": "",
                "cluster_ca_certificate": "LS0tLS1CRUdJTiBDRVJUSUZJQ0FURS0tLS0tCk1JSUVMVENDQXBXZ0F3SUJBZ0lSQUxVYjVZcVd4Yi9NcFBrRjVkMzJxZUF3RFFZSktvWklodmNOQVFFTEJRQXcKTHpFdE1Dc0dBMVVFQXhNa05XSmxNR014WmpjdFpERXlOUzAwTW1GaExXRTFPRFF0Wmpka05UWTFNRFJsWkdJNApNQ0FYRFRJME1EVXhNakl3TWpNMU5Wb1lEekl3TlRRd05UQTFNakV5TXpVMVdqQXZNUzB3S3dZRFZRUURFeVExClltVXdZekZtTnkxa01USTFMVFF5WVdFdFlUVTROQzFtTjJRMU5qVXdOR1ZrWWpnd2dnR2lNQTBHQ1NxR1NJYjMKRFFFQkFRVUFBNElCandBd2dnR0tBb0lCZ1FEblBLRGFVRWNTQjRjbnlvNFY2Y0IrcHRKRVV5aUNVK29XbE40TwpvTURuUElQN0ZHUEIrOGhZcnk3R0NKZzJmdVRibndTSjFjMENyMG9qMFoxenZPbXhPeVhaMjl1N2tJdWc3NDVqCmlqZ1JCbUczUm9JYWZQNm9vYmlHcm9pN1RyYURWYXhac21DbjlCSERSU2c0OHNQNXVQeFhBUGp5ZDhPNllrdTcKZkFqekhZYnNXNWE1c3l4SzhyREZDT3lGM2J2QWpsN2VYRURpcDhJUnJpREZRUjNUb0dkSERweFgza3JyUEE3cAppR0FQeXVtL21YeENLa2czOG5paHVONXY1TXNxc3lPbzBtWWtyWXNSTWgxYllxSDdXdG5ua1g4SDkrYXAxaEhICjAyQjRNQ1BxdkVPR3hsanlxTm05b3FMVTQ4YVFCSm1mc01idktlVjFKMTZOL211cloyeUpQdFN6VkZUMGdLcnEKbVRBS0JXdjV5OGxxelZxWFNlOTRUaFpsMmZuZGFVQ0R4NWhnZnRzenNaWUVvQysrRGtWSEJCMi9FcjJUYzJmMAozSTZTdllxWDhwbFdBZWNVTDdKcmNVQUFKbTRIYUk2aysyeXdsdU90TXJmWFZJZ3E0QnFmVUo2K1dkVExxWkxLCnRhY2R0L0lPM0RuY0NBY2w2TC9ITXRIWEl0VUNBd0VBQWFOQ01FQXdEZ1lEVlIwUEFRSC9CQVFEQWdJRU1BOEcKQTFVZEV3RUIvd1FGTUFNQkFmOHdIUVlEVlIwT0JCWUVGTU5WSE5NUUw5VVlxSkpBcytYMTBJRXNrdytJTUEwRwpDU3FHU0liM0RRRUJDd1VBQTRJQmdRQ3BmeW1NYnE4V3RyNFhkQUZQY2VEMVYvV2tjQUFOVzJKeDd3OHY1K3dkCjBxelgvNnVYUDNudGpIRElGWHhHQkNIR3p5TWd4NEJaZlpZbk5JWS9Pb2hPREpFVzhjZjRGSXRJQzJ3MXhuWEoKSlZwc3FFQXRrZ2NBNlcwUklHNVNiMkQyREpPeVYrSDdmZ3h0b3VhRW1HYUk1MzhaWnNKSWRJSWhnY0xtVGJqcQpDS2RnUWkzSVZjMzRNOHRVY0JYdjhiQXJWVldUcUQ4WVJFamF2SDhUR3VKM2svR2VRTE8vMGM3ZnQ3SnBManZjCnRsNnpUbWZxcnQwN0t2bWVwYmkyOTFER21vT1V6ckE2RDFCTjBrMXh3dmpkWERRSzNXT1BnV3p2N0Naak1tNEgKSDNpV3Q1QnFPU0hVaGFyMVFDNzYvU2ZsL3drdjY2Z0Juc0xHU3VFcmw2ZXdVRjVnUlJGelFpKzg0Qit4czdCcApWWnFxaEMzV04wVE0yVDZHOTRKVElaaHNVV21GZmhxSHZRNmxnSm15L3RRbW5hMDl6alRFcWJxRW5sMXo1dFRrCmlHNWE2c0Q4Q0JmTEN2M2NqOVhPcXM3cnoyZWc2VUNaTitMN3VwekluRVJBRGFlSlhUTGZ5dHA5WDM4UjljTUIKME10M1RHNWFLTmFISXhFazFpWEIzWE09Ci0tLS0tRU5EIENFUlRJRklDQVRFLS0tLS0K"
              }
            ],
            "master_authorized_networks_config": [],
            "master_version": "1.28.7-gke.1026000",
            "mesh_certificates": [],
            "min_master_version": null,
            "monitoring_config": [
              {
                "enable_components": [
                  "SYSTEM_COMPONENTS"
                ],
                "managed_prometheus": [
                  {
                    "enabled": true
                  }
                ]
              }
            ],
            "monitoring_service": "monitoring.googleapis.com/kubernetes",
            "name": "main",
            "network": "projects/prometheus-419514/global/networks/default",
            "network_policy": [
              {
                "enabled": false,
                "provider": "PROVIDER_UNSPECIFIED"
              }
            ],
            "networking_mode": "ROUTES",
            "node_config": [
              {
                "boot_disk_kms_key": "",
                "disk_size_gb": 100,
                "disk_type": "pd-balanced",
                "gcfs_config": [],
                "guest_accelerator": [],
                "gvnic": [],
                "image_type": "COS_CONTAINERD",
                "kubelet_config": [],
                "labels": {},
                "linux_node_config": [],
                "local_ssd_count": 0,
                "logging_variant": "DEFAULT",
                "machine_type": "g1-small",
                "metadata": {
                  "disable-legacy-endpoints": "true"
                },
                "min_cpu_platform": "",
                "node_group": "",
                "oauth_scopes": [
                  "https://www.googleapis.com/auth/devstorage.read_only",
                  "https://www.googleapis.com/auth/logging.write",
                  "https://www.googleapis.com/auth/monitoring",
                  "https://www.googleapis.com/auth/service.management.readonly",
                  "https://www.googleapis.com/auth/servicecontrol",
                  "https://www.googleapis.com/auth/trace.append"
                ],
                "preemptible": false,
                "reservation_affinity": [],
                "resource_labels": {},
                "service_account": "default",
                "shielded_instance_config": [
                  {
                    "enable_integrity_monitoring": true,
                    "enable_secure_boot": false
                  }
                ],
                "spot": false,
                "tags": [],
                "taint": [],
                "workload_metadata_config": []
              }
            ],
            "node_locations": [],
            "node_pool": [
              {
                "autoscaling": [],
                "initial_node_count": 1,
                "instance_group_urls": [
                  "https://www.googleapis.com/compute/v1/projects/prometheus-419514/zones/us-central1-c/instanceGroupManagers/gke-main-main-8e398053-grp"
                ],
                "managed_instance_group_urls": [
                  "https://www.googleapis.com/compute/v1/projects/prometheus-419514/zones/us-central1-c/instanceGroups/gke-main-main-8e398053-grp"
                ],
                "management": [
                  {
                    "auto_repair": true,
                    "auto_upgrade": true
                  }
                ],
                "max_pods_per_node": 0,
                "name": "main",
                "name_prefix": "",
                "network_config": [
                  {
                    "create_pod_range": false,
                    "enable_private_nodes": false,
                    "pod_ipv4_cidr_block": "",
                    "pod_range": ""
                  }
                ],
                "node_config": [
                  {
                    "boot_disk_kms_key": "",
                    "disk_size_gb": 100,
                    "disk_type": "pd-balanced",
                    "gcfs_config": [],
                    "guest_accelerator": [],
                    "gvnic": [],
                    "image_type": "COS_CONTAINERD",
                    "kubelet_config": [],
                    "labels": {},
                    "linux_node_config": [],
                    "local_ssd_count": 0,
                    "logging_variant": "DEFAULT",
                    "machine_type": "g1-small",
                    "metadata": {
                      "disable-legacy-endpoints": "true"
                    },
                    "min_cpu_platform": "",
                    "node_group": "",
                    "oauth_scopes": [
                      "https://www.googleapis.com/auth/devstorage.read_only",
                      "https://www.googleapis.com/auth/logging.write",
                      "https://www.googleapis.com/auth/monitoring",
                      "https://www.googleapis.com/auth/service.management.readonly",
                      "https://www.googleapis.com/auth/servicecontrol",
                      "https://www.googleapis.com/auth/trace.append"
                    ],
                    "preemptible": false,
                    "reservation_affinity": [],
                    "resource_labels": {},
                    "service_account": "default",
                    "shielded_instance_config": [
                      {
                        "enable_integrity_monitoring": true,
                        "enable_secure_boot": false
                      }
                    ],
                    "spot": false,
                    "tags": [],
                    "taint": [],
                    "workload_metadata_config": []
                  }
                ],
                "node_count": 1,
                "node_locations": [
                  "us-central1-c"
                ],
                "placement_policy": [],
                "upgrade_settings": [
                  {
                    "blue_green_settings": [],
                    "max_surge": 1,
                    "max_unavailable": 0,
                    "strategy": "SURGE"
                  }
                ],
                "version": "1.28.7-gke.1026000"
              }
            ],
            "node_pool_defaults": [
              {
                "node_config_defaults": [
                  {
                    "logging_variant": "DEFAULT"
                  }
                ]
              }
            ],
            "node_version": "1.28.7-gke.1026000",
            "notification_config": [
              {
                "pubsub": [
                  {
                    "enabled": false,
                    "filter": [],
                    "topic": ""
                  }
                ]
              }
            ],
            "operation": null,
            "private_cluster_config": [
              {
                "enable_private_endpoint": false,
                "enable_private_nodes": false,
                "master_global_access_config": [
                  {
                    "enabled": false
                  }
                ],
                "master_ipv4_cidr_block": "",
                "peering_name": "",
                "private_endpoint": "10.128.0.48",
                "private_endpoint_subnetwork": "",
                "public_endpoint": "35.226.161.6"
              }
            ],
            "private_ipv6_google_access": "",
            "project": "prometheus-419514",
            "release_channel": [
              {
                "channel": "REGULAR"
              }
            ],
            "remove_default_node_pool": null,
            "resource_labels": {},
            "resource_usage_export_config": [],
            "self_link": "https://container.googleapis.com/v1/projects/prometheus-419514/zones/us-central1-c/clusters/main",
            "service_external_ips_config": [
              {
                "enabled": false
              }
            ],
            "services_ipv4_cidr": "10.3.240.0/20",
            "subnetwork": "projects/prometheus-419514/regions/us-central1/subnetworks/default",
            "tpu_ipv4_cidr_block": "",
            "vertical_pod_autoscaling": [],
            "workload_identity_config": []
          },
          "sensitive_attributes": []
        }
      ]
    },
    {
      "module": "module.tls_private_key",
      "mode": "managed",
      "type": "tls_private_key",
      "name": "this",
      "provider": "provider[\"registry.terraform.io/hashicorp/tls\"]",
      "instances": [
        {
          "schema_version": 1,
          "attributes": {
            "algorithm": "RSA",
            "ecdsa_curve": "P256",
            "id": "9250d856d56624ba9e553eed0bbe741098a44335",
            "private_key_openssh": "-----BEGIN OPENSSH PRIVATE KEY-----\nb3BlbnNzaC1rZXktdjEAAAAABG5vbmUAAAAEbm9uZQAAAAAAAAABAAABFwAAAAdz\nc2gtcnNhAAAAAwEAAQAAAQEApT93Yp553/hr9v7CH5Gv1KVFj8R7PmPzXpvRspA8\nfdns+Xj2G+Vz/l4rWv30T5jNJRhMX2TFELHDM+QX8T3FbpdChCLYbvs7GOjuxviB\n6kk4i4mfjr1xbuuQRsQjKNwaDeLXB+60CI1pbSYJo3cBAqjeVukRm9UCd4y5Ooam\n4rqlEbio0gmgK472DIibHQfOz5hbWZUjkwJhMf9p+piwAuljR2/M7QhOt7ePWTzs\nB9y6bJZem6W7HqourEs5O62BxlecZTt3Qp9vWSQQ6iTasGtTH79p4X+DHSEnIxDN\n7VmrMUlVt9D321+HKW9V/bmXoRinq1IQ/xLNDFVc8PfUaQAAA7iyJRjCsiUYwgAA\nAAdzc2gtcnNhAAABAQClP3dinnnf+Gv2/sIfka/UpUWPxHs+Y/Nem9GykDx92ez5\nePYb5XP+Xita/fRPmM0lGExfZMUQscMz5BfxPcVul0KEIthu+zsY6O7G+IHqSTiL\niZ+OvXFu65BGxCMo3BoN4tcH7rQIjWltJgmjdwECqN5W6RGb1QJ3jLk6hqbiuqUR\nuKjSCaArjvYMiJsdB87PmFtZlSOTAmEx/2n6mLAC6WNHb8ztCE63t49ZPOwH3Lps\nll6bpbseqi6sSzk7rYHGV5xlO3dCn29ZJBDqJNqwa1Mfv2nhf4MdIScjEM3tWasx\nSVW30PfbX4cpb1X9uZehGKerUhD/Es0MVVzw99RpAAAAAwEAAQAAAQBp8jD216hI\nApwl9dw8JUnYSkY5EL37mFWWmMxvca52+dvHbthLtmcR9QpTAnM6/Tq5x8RffNok\nA/SlNl5rWzFT4ELTOQwOy6BuLhm5E+cncN6CCDB2cdtiREFyPZpVPhiuQnufKFnh\nCdlIE5UmaswJCn/StQeHI6C7SUwQy/f/cKc9hIQ+MRMIbgs894rqFIPAZ8Zi5jV0\n3v035mcHaQ5qPMoUXnRw92OSrTeZSbFtN1kk7X3s67USn1amRU88/xkSsOjp9M5y\nvVoWfu3DuM+nhMd9dwX5JVxR2gA5ScjrIMS81BHMMas/o1AXt1s5pcRJrfAhWVrM\npDVp22vMT54BAAAAgFPgrBR3TfVU0p/+LDtX+sVey+Q68ZFTe2TmrL5UgxR2PqL1\nBT+j9BG43b2FcKwKpktGYZyQQnMPUvbui9Gc7Oq9z+Vo+e62RbNDq2WCYh8okHKA\nimOH4vrIOBZu9NWE1g68Jc6IJ+uPAO7hehtmyJol+GD1B3zf8D9Sw6uawiQPAAAA\ngQDHoX0QNw83nYq9OTIQ1lrPIPdohjMFErh4FzPq424qHc9u+AzkB3uvuSnppJc/\nMjeyb71e47jwhHFIOpgM9jPDM8Qo0jJN2SZv3yCkdC5+cT6XpQixNBFRU48Ok1Es\ngtQ9bPBOTmrYHIur/mIrrAtTRZ6V+phzu4yE7wd1FGrbiQAAAIEA0+iTaqzCtt9V\nlb5/Gwbp8DBnkDfxzjS2iqOgHH0SJDKnN09MPYCesEKtHsA6O7/2XZZgwwVs6D9E\n3troWjU7BsieIM6M3qVjhcJQgYmNf3Kt3ZJ76zVsBD5jhgBp0hpR3JHoeE516EUq\npCIffHdHQ/VmSykLnsM4SJbb/OUYmeEAAAAAAQID\n-----END OPENSSH PRIVATE KEY-----\n",
            "private_key_pem": "-----BEGIN RSA PRIVATE KEY-----\nMIIEogIBAAKCAQEApT93Yp553/hr9v7CH5Gv1KVFj8R7PmPzXpvRspA8fdns+Xj2\nG+Vz/l4rWv30T5jNJRhMX2TFELHDM+QX8T3FbpdChCLYbvs7GOjuxviB6kk4i4mf\njr1xbuuQRsQjKNwaDeLXB+60CI1pbSYJo3cBAqjeVukRm9UCd4y5Ooam4rqlEbio\n0gmgK472DIibHQfOz5hbWZUjkwJhMf9p+piwAuljR2/M7QhOt7ePWTzsB9y6bJZe\nm6W7HqourEs5O62BxlecZTt3Qp9vWSQQ6iTasGtTH79p4X+DHSEnIxDN7VmrMUlV\nt9D321+HKW9V/bmXoRinq1IQ/xLNDFVc8PfUaQIDAQABAoIBAGnyMPbXqEgCnCX1\n3DwlSdhKRjkQvfuYVZaYzG9xrnb528du2Eu2ZxH1ClMCczr9OrnHxF982iQD9KU2\nXmtbMVPgQtM5DA7LoG4uGbkT5ydw3oIIMHZx22JEQXI9mlU+GK5Ce58oWeEJ2UgT\nlSZqzAkKf9K1B4cjoLtJTBDL9/9wpz2EhD4xEwhuCzz3iuoUg8BnxmLmNXTe/Tfm\nZwdpDmo8yhRedHD3Y5KtN5lJsW03WSTtfezrtRKfVqZFTzz/GRKw6On0znK9WhZ+\n7cO4z6eEx313BfklXFHaADlJyOsgxLzUEcwxqz+jUBe3WzmlxEmt8CFZWsykNWnb\na8xPngECgYEAx6F9EDcPN52KvTkyENZazyD3aIYzBRK4eBcz6uNuKh3PbvgM5Ad7\nr7kp6aSXPzI3sm+9XuO48IRxSDqYDPYzwzPEKNIyTdkmb98gpHQufnE+l6UIsTQR\nUVOPDpNRLILUPWzwTk5q2ByLq/5iK6wLU0WelfqYc7uMhO8HdRRq24kCgYEA0+iT\naqzCtt9Vlb5/Gwbp8DBnkDfxzjS2iqOgHH0SJDKnN09MPYCesEKtHsA6O7/2XZZg\nwwVs6D9E3troWjU7BsieIM6M3qVjhcJQgYmNf3Kt3ZJ76zVsBD5jhgBp0hpR3JHo\neE516EUqpCIffHdHQ/VmSykLnsM4SJbb/OUYmeECgYAnfH7DTVC6PHQr13tarzuJ\nCslFKH5A+6H3Rwei51dsBzd3iKLsG7rQWDy9FSxBeMphhg6cDUkQcfICSmy265/z\ndXLQbDs9AL3ElQrc3Ioxwm6SCje87UKbpn5+cI820a3vdHPX2VTy6DqMS6XZY49d\n6kBjBA1RnwA9bxY3h1FXmQKBgHw2NMrvr0bgTFt1CS4/dDr9NIdds5hKX8GOPdjV\nGyAqrMeH7MmULfBldPK0fK3vTKr47YkDEh5kj6sNp+rQjuPgDohuajZLvbV2/Bei\nGFXfU7iwF4D8lG88Xrv6XAzyro9a22hBnW1jtaX19nzPse9M1gQycARErCYof5SS\neUQhAoGAU+CsFHdN9VTSn/4sO1f6xV7L5DrxkVN7ZOasvlSDFHY+ovUFP6P0Ebjd\nvYVwrAqmS0ZhnJBCcw9S9u6L0Zzs6r3P5Wj57rZFs0OrZYJiHyiQcoCKY4fi+sg4\nFm701YTWDrwlzogn648A7uF6G2bImiX4YPUHfN/wP1LDq5rCJA8=\n-----END RSA PRIVATE KEY-----\n",
            "private_key_pem_pkcs8": "-----BEGIN PRIVATE KEY-----\nMIIEvAIBADANBgkqhkiG9w0BAQEFAASCBKYwggSiAgEAAoIBAQClP3dinnnf+Gv2\n/sIfka/UpUWPxHs+Y/Nem9GykDx92ez5ePYb5XP+Xita/fRPmM0lGExfZMUQscMz\n5BfxPcVul0KEIthu+zsY6O7G+IHqSTiLiZ+OvXFu65BGxCMo3BoN4tcH7rQIjWlt\nJgmjdwECqN5W6RGb1QJ3jLk6hqbiuqURuKjSCaArjvYMiJsdB87PmFtZlSOTAmEx\n/2n6mLAC6WNHb8ztCE63t49ZPOwH3Lpsll6bpbseqi6sSzk7rYHGV5xlO3dCn29Z\nJBDqJNqwa1Mfv2nhf4MdIScjEM3tWasxSVW30PfbX4cpb1X9uZehGKerUhD/Es0M\nVVzw99RpAgMBAAECggEAafIw9teoSAKcJfXcPCVJ2EpGORC9+5hVlpjMb3Gudvnb\nx27YS7ZnEfUKUwJzOv06ucfEX3zaJAP0pTZea1sxU+BC0zkMDsugbi4ZuRPnJ3De\ngggwdnHbYkRBcj2aVT4YrkJ7nyhZ4QnZSBOVJmrMCQp/0rUHhyOgu0lMEMv3/3Cn\nPYSEPjETCG4LPPeK6hSDwGfGYuY1dN79N+ZnB2kOajzKFF50cPdjkq03mUmxbTdZ\nJO197Ou1Ep9WpkVPPP8ZErDo6fTOcr1aFn7tw7jPp4THfXcF+SVcUdoAOUnI6yDE\nvNQRzDGrP6NQF7dbOaXESa3wIVlazKQ1adtrzE+eAQKBgQDHoX0QNw83nYq9OTIQ\n1lrPIPdohjMFErh4FzPq424qHc9u+AzkB3uvuSnppJc/Mjeyb71e47jwhHFIOpgM\n9jPDM8Qo0jJN2SZv3yCkdC5+cT6XpQixNBFRU48Ok1EsgtQ9bPBOTmrYHIur/mIr\nrAtTRZ6V+phzu4yE7wd1FGrbiQKBgQDT6JNqrMK231WVvn8bBunwMGeQN/HONLaK\no6AcfRIkMqc3T0w9gJ6wQq0ewDo7v/ZdlmDDBWzoP0Te2uhaNTsGyJ4gzozepWOF\nwlCBiY1/cq3dknvrNWwEPmOGAGnSGlHckeh4TnXoRSqkIh98d0dD9WZLKQuewzhI\nltv85RiZ4QKBgCd8fsNNULo8dCvXe1qvO4kKyUUofkD7ofdHB6LnV2wHN3eIouwb\nutBYPL0VLEF4ymGGDpwNSRBx8gJKbLbrn/N1ctBsOz0AvcSVCtzcijHCbpIKN7zt\nQpumfn5wjzbRre90c9fZVPLoOoxLpdljj13qQGMEDVGfAD1vFjeHUVeZAoGAfDY0\nyu+vRuBMW3UJLj90Ov00h12zmEpfwY492NUbICqsx4fsyZQt8GV08rR8re9Mqvjt\niQMSHmSPqw2n6tCO4+AOiG5qNku9tXb8F6IYVd9TuLAXgPyUbzxeu/pcDPKuj1rb\naEGdbWO1pfX2fM+x70zWBDJwBESsJih/lJJ5RCECgYBT4KwUd031VNKf/iw7V/rF\nXsvkOvGRU3tk5qy+VIMUdj6i9QU/o/QRuN29hXCsCqZLRmGckEJzD1L27ovRnOzq\nvc/laPnutkWzQ6tlgmIfKJBygIpjh+L6yDgWbvTVhNYOvCXOiCfrjwDu4XobZsia\nJfhg9Qd83/A/UsOrmsIkDw==\n-----END PRIVATE KEY-----\n",
            "public_key_fingerprint_md5": "49:97:18:30:35:88:62:bb:46:3d:74:bf:73:80:e5:92",
            "public_key_fingerprint_sha256": "SHA256:3L8WVJ953fnObusn2j2Ntp/L4OGF3+6pJBSwqjlJ5OM",
            "public_key_openssh": "ssh-rsa AAAAB3NzaC1yc2EAAAADAQABAAABAQClP3dinnnf+Gv2/sIfka/UpUWPxHs+Y/Nem9GykDx92ez5ePYb5XP+Xita/fRPmM0lGExfZMUQscMz5BfxPcVul0KEIthu+zsY6O7G+IHqSTiLiZ+OvXFu65BGxCMo3BoN4tcH7rQIjWltJgmjdwECqN5W6RGb1QJ3jLk6hqbiuqURuKjSCaArjvYMiJsdB87PmFtZlSOTAmEx/2n6mLAC6WNHb8ztCE63t49ZPOwH3Lpsll6bpbseqi6sSzk7rYHGV5xlO3dCn29ZJBDqJNqwa1Mfv2nhf4MdIScjEM3tWasxSVW30PfbX4cpb1X9uZehGKerUhD/Es0MVVzw99Rp\n",
            "public_key_pem": "-----BEGIN PUBLIC KEY-----\nMIIBIjANBgkqhkiG9w0BAQEFAAOCAQ8AMIIBCgKCAQEApT93Yp553/hr9v7CH5Gv\n1KVFj8R7PmPzXpvRspA8fdns+Xj2G+Vz/l4rWv30T5jNJRhMX2TFELHDM+QX8T3F\nbpdChCLYbvs7GOjuxviB6kk4i4mfjr1xbuuQRsQjKNwaDeLXB+60CI1pbSYJo3cB\nAqjeVukRm9UCd4y5Ooam4rqlEbio0gmgK472DIibHQfOz5hbWZUjkwJhMf9p+piw\nAuljR2/M7QhOt7ePWTzsB9y6bJZem6W7HqourEs5O62BxlecZTt3Qp9vWSQQ6iTa\nsGtTH79p4X+DHSEnIxDN7VmrMUlVt9D321+HKW9V/bmXoRinq1IQ/xLNDFVc8PfU\naQIDAQAB\n-----END PUBLIC KEY-----\n",
            "rsa_bits": 2048
          },
          "sensitive_attributes": []
        }
      ]
    }
  ],
  "check_results": null
}
